
Microsoft Visual Studio Solution File, Format Version 12.00
# Visual Studio Version 17
VisualStudioVersion = 17.0.32014.148
MinimumVisualStudioVersion = 10.0.40219.1
Project("{9A19103F-16F7-4668-BE54-9A1E7A4F7556}") = "Catalogo_Blazor.Server", "Catalogo_Blazor\Server\Catalogo_Blazor.Server.csproj", "{AE495A1E-C2CC-4208-B3FB-69D501182F28}"
EndProject
Project("{9A19103F-16F7-4668-BE54-9A1E7A4F7556}") = "Catalogo_Blazor.Client", "Catalogo_Blazor\Client\Catalogo_Blazor.Client.csproj", "{8D34FA18-F988-4FD2-98F2-8D65AA1F589B}"
EndProject
Project("{9A19103F-16F7-4668-BE54-9A1E7A4F7556}") = "Catalogo_Blazor.Shared", "Catalogo_Blazor\Shared\Catalogo_Blazor.Shared.csproj", "{70AB1D27-F35B-4831-BF69-06D7946CBD3A}"
EndProject
Global
	GlobalSection(SolutionConfigurationPlatforms) = preSolution
		Debug|Any CPU = Debug|Any CPU
		Release|Any CPU = Release|Any CPU
	EndGlobalSection
	GlobalSection(ProjectConfigurationPlatforms) = postSolution
		{AE495A1E-C2CC-4208-B3FB-69D501182F28}.Debug|Any CPU.ActiveCfg = Debug|Any CPU
		{AE495A1E-C2CC-4208-B3FB-69D501182F28}.Debug|Any CPU.Build.0 = Debug|Any CPU
		{AE495A1E-C2CC-4208-B3FB-69D501182F28}.Release|Any CPU.ActiveCfg = Release|Any CPU
		{AE495A1E-C2CC-4208-B3FB-69D501182F28}.Release|Any CPU.Build.0 = Release|Any CPU
		{8D34FA18-F988-4FD2-98F2-8D65AA1F589B}.Debug|Any CPU.ActiveCfg = Debug|Any CPU
		{8D34FA18-F988-4FD2-98F2-8D65AA1F589B}.Debug|Any CPU.Build.0 = Debug|Any CPU
		{8D34FA18-F988-4FD2-98F2-8D65AA1F589B}.Release|Any CPU.ActiveCfg = Release|Any CPU
		{8D34FA18-F988-4FD2-98F2-8D65AA1F589B}.Release|Any CPU.Build.0 = Release|Any CPU
		{70AB1D27-F35B-4831-BF69-06D7946CBD3A}.Debug|Any CPU.ActiveCfg = Debug|Any CPU
		{70AB1D27-F35B-4831-BF69-06D7946CBD3A}.Debug|Any CPU.Build.0 = Debug|Any CPU
		{70AB1D27-F35B-4831-BF69-06D7946CBD3A}.Release|Any CPU.ActiveCfg = Release|Any CPU
		{70AB1D27-F35B-4831-BF69-06D7946CBD3A}.Release|Any CPU.Build.0 = Release|Any CPU
	EndGlobalSection
	GlobalSection(SolutionProperties) = preSolution
		HideSolutionNode = FALSE
	EndGlobalSection
	GlobalSection(ExtensibilityGlobals) = postSolution
		SolutionGuid = {479368D4-00F3-420D-9C18-539BD1153138}
	EndGlobalSection
EndGlobal
